
Microsoft Visual Studio Solution File, Format Version 12.00
# Visual Studio Version 17
VisualStudioVersion = 17.10.35122.118
MinimumVisualStudioVersion = 10.0.40219.1
Project("{FAE04EC0-301F-11D3-BF4B-00C04F79EFBC}") = "Assignment 2", "Assignment 2.csproj", "{7E9E19B1-DB7F-4598-BA94-D05B2A99CF61}"
EndProject
Global
	GlobalSection(SolutionConfigurationPlatforms) = preSolution
		Debug|Any CPU = Debug|Any CPU
		Release|Any CPU = Release|Any CPU
	EndGlobalSection
	GlobalSection(ProjectConfigurationPlatforms) = postSolution
		{7E9E19B1-DB7F-4598-BA94-D05B2A99CF61}.Debug|Any CPU.ActiveCfg = Debug|Any CPU
		{7E9E19B1-DB7F-4598-BA94-D05B2A99CF61}.Debug|Any CPU.Build.0 = Debug|Any CPU
		{7E9E19B1-DB7F-4598-BA94-D05B2A99CF61}.Release|Any CPU.ActiveCfg = Release|Any CPU
		{7E9E19B1-DB7F-4598-BA94-D05B2A99CF61}.Release|Any CPU.Build.0 = Release|Any CPU
	EndGlobalSection
	GlobalSection(SolutionProperties) = preSolution
		HideSolutionNode = FALSE
	EndGlobalSection
	GlobalSection(ExtensibilityGlobals) = postSolution
		SolutionGuid = {8CB2499B-CFC8-435E-8DF9-EA93E097136F}
	EndGlobalSection
EndGlobal
